
Microsoft Visual Studio Solution File, Format Version 12.00
# Visual Studio Version 17
VisualStudioVersion = 17.5.33530.505
MinimumVisualStudioVersion = 10.0.40219.1
Project("{2150E333-8FDC-42A3-9474-1A3956D46DE8}") = "Services", "Services", "{B5990E8F-A8D3-481A-B057-356D9888A91A}"
EndProject
Project("{2150E333-8FDC-42A3-9474-1A3956D46DE8}") = "Catalog", "Catalog", "{D1049878-73E4-4484-9648-7932F1F7E14B}"
EndProject
Project("{9A19103F-16F7-4668-BE54-9A1E7A4F7556}") = "Catalog.API", "Services\Catalog\Catalog.API\Catalog.API.csproj", "{9523DD7A-9D76-4418-BDB1-BCA8C3F70E0A}"
EndProject
Project("{E53339B2-1760-4266-BCC7-CA923CBCF16C}") = "docker-compose", "docker-compose.dcproj", "{D0517F3B-2D7A-4FC5-83B6-D15415645CD2}"
EndProject
Project("{2150E333-8FDC-42A3-9474-1A3956D46DE8}") = "Basket", "Basket", "{5EF79CB8-27EA-4E34-9242-745A82B661A0}"
EndProject
Project("{9A19103F-16F7-4668-BE54-9A1E7A4F7556}") = "Basket.API", "Services\Basket\Basket.API\Basket.API.csproj", "{25C0DAEA-6A09-4221-8B8D-B67FAC37AD58}"
EndProject
Project("{2150E333-8FDC-42A3-9474-1A3956D46DE8}") = "Discount", "Discount", "{10A0188D-1CA7-4668-B9A6-14690477D7EE}"
EndProject
Project("{9A19103F-16F7-4668-BE54-9A1E7A4F7556}") = "Discount.API", "Services\Discount\Discount.API\Discount.API.csproj", "{528B957C-E256-4748-B6F7-E9B0953560A3}"
EndProject
Project("{9A19103F-16F7-4668-BE54-9A1E7A4F7556}") = "Discount.Grpc", "Services\Discount\Discount.Grpc\Discount.Grpc.csproj", "{DF258DDB-F9DF-4678-8827-465166084949}"
EndProject
Project("{2150E333-8FDC-42A3-9474-1A3956D46DE8}") = "Ordering", "Ordering", "{AFB5D906-3225-4C8F-967C-F526943F94BD}"
EndProject
Project("{9A19103F-16F7-4668-BE54-9A1E7A4F7556}") = "Ordering.API", "Services\Ordering\Ordering.API\Ordering.API.csproj", "{E5B1532C-F7B6-40FB-87BB-A32B89CFCB6C}"
EndProject
Project("{9A19103F-16F7-4668-BE54-9A1E7A4F7556}") = "Ordering.Domain", "Services\Ordering\Ordering.Domain\Ordering.Domain.csproj", "{7ED0A61C-AC5C-4B97-92C3-A48FEDE7BBAC}"
EndProject
Project("{9A19103F-16F7-4668-BE54-9A1E7A4F7556}") = "Ordering.Application", "Services\Ordering\Ordering.Application\Ordering.Application.csproj", "{55E36D16-69DB-4452-8389-DC75ED0A4AF5}"
EndProject
Project("{9A19103F-16F7-4668-BE54-9A1E7A4F7556}") = "Ordering.Infrastructure", "Services\Ordering\Ordering.Infrastructure\Ordering.Infrastructure.csproj", "{E93C1097-D1D3-4FAE-9304-7753D563E2B7}"
EndProject
Project("{2150E333-8FDC-42A3-9474-1A3956D46DE8}") = "BuildingBlocks", "BuildingBlocks", "{B524CB2E-ECDE-452B-AC40-3A1052DF7A84}"
EndProject
Project("{9A19103F-16F7-4668-BE54-9A1E7A4F7556}") = "EventBus.Messages", "BuildingBlocks\EventBus.Messages\EventBus.Messages.csproj", "{9B6CED82-3600-42AF-88AF-4D609638E5E1}"
EndProject
Project("{2150E333-8FDC-42A3-9474-1A3956D46DE8}") = "ApiGateways", "ApiGateways", "{EA2DA501-0258-40E0-ACBC-24BCE7580568}"
EndProject
Project("{9A19103F-16F7-4668-BE54-9A1E7A4F7556}") = "OcelotApiGateway", "ApiGateways\OcelotApiGateway\OcelotApiGateway.csproj", "{682CFD85-A9B7-4FEF-B40A-959A137CDE3D}"
EndProject
Project("{FAE04EC0-301F-11D3-BF4B-00C04F79EFBC}") = "Shopping.Aggregator", "ApiGateways\Shopping.Aggregator\Shopping.Aggregator.csproj", "{92B436DD-1F0B-4260-B0B5-7A2815C9E4D8}"
EndProject
Global
	GlobalSection(SolutionConfigurationPlatforms) = preSolution
		Debug|Any CPU = Debug|Any CPU
		Release|Any CPU = Release|Any CPU
	EndGlobalSection
	GlobalSection(ProjectConfigurationPlatforms) = postSolution
		{9523DD7A-9D76-4418-BDB1-BCA8C3F70E0A}.Debug|Any CPU.ActiveCfg = Debug|Any CPU
		{9523DD7A-9D76-4418-BDB1-BCA8C3F70E0A}.Debug|Any CPU.Build.0 = Debug|Any CPU
		{9523DD7A-9D76-4418-BDB1-BCA8C3F70E0A}.Release|Any CPU.ActiveCfg = Release|Any CPU
		{9523DD7A-9D76-4418-BDB1-BCA8C3F70E0A}.Release|Any CPU.Build.0 = Release|Any CPU
		{D0517F3B-2D7A-4FC5-83B6-D15415645CD2}.Debug|Any CPU.ActiveCfg = Debug|Any CPU
		{D0517F3B-2D7A-4FC5-83B6-D15415645CD2}.Debug|Any CPU.Build.0 = Debug|Any CPU
		{D0517F3B-2D7A-4FC5-83B6-D15415645CD2}.Release|Any CPU.ActiveCfg = Release|Any CPU
		{D0517F3B-2D7A-4FC5-83B6-D15415645CD2}.Release|Any CPU.Build.0 = Release|Any CPU
		{25C0DAEA-6A09-4221-8B8D-B67FAC37AD58}.Debug|Any CPU.ActiveCfg = Debug|Any CPU
		{25C0DAEA-6A09-4221-8B8D-B67FAC37AD58}.Debug|Any CPU.Build.0 = Debug|Any CPU
		{25C0DAEA-6A09-4221-8B8D-B67FAC37AD58}.Release|Any CPU.ActiveCfg = Release|Any CPU
		{25C0DAEA-6A09-4221-8B8D-B67FAC37AD58}.Release|Any CPU.Build.0 = Release|Any CPU
		{528B957C-E256-4748-B6F7-E9B0953560A3}.Debug|Any CPU.ActiveCfg = Debug|Any CPU
		{528B957C-E256-4748-B6F7-E9B0953560A3}.Debug|Any CPU.Build.0 = Debug|Any CPU
		{528B957C-E256-4748-B6F7-E9B0953560A3}.Release|Any CPU.ActiveCfg = Release|Any CPU
		{528B957C-E256-4748-B6F7-E9B0953560A3}.Release|Any CPU.Build.0 = Release|Any CPU
		{DF258DDB-F9DF-4678-8827-465166084949}.Debug|Any CPU.ActiveCfg = Debug|Any CPU
		{DF258DDB-F9DF-4678-8827-465166084949}.Debug|Any CPU.Build.0 = Debug|Any CPU
		{DF258DDB-F9DF-4678-8827-465166084949}.Release|Any CPU.ActiveCfg = Release|Any CPU
		{DF258DDB-F9DF-4678-8827-465166084949}.Release|Any CPU.Build.0 = Release|Any CPU
		{E5B1532C-F7B6-40FB-87BB-A32B89CFCB6C}.Debug|Any CPU.ActiveCfg = Debug|Any CPU
		{E5B1532C-F7B6-40FB-87BB-A32B89CFCB6C}.Debug|Any CPU.Build.0 = Debug|Any CPU
		{E5B1532C-F7B6-40FB-87BB-A32B89CFCB6C}.Release|Any CPU.ActiveCfg = Release|Any CPU
		{E5B1532C-F7B6-40FB-87BB-A32B89CFCB6C}.Release|Any CPU.Build.0 = Release|Any CPU
		{7ED0A61C-AC5C-4B97-92C3-A48FEDE7BBAC}.Debug|Any CPU.ActiveCfg = Debug|Any CPU
		{7ED0A61C-AC5C-4B97-92C3-A48FEDE7BBAC}.Debug|Any CPU.Build.0 = Debug|Any CPU
		{7ED0A61C-AC5C-4B97-92C3-A48FEDE7BBAC}.Release|Any CPU.ActiveCfg = Release|Any CPU
		{7ED0A61C-AC5C-4B97-92C3-A48FEDE7BBAC}.Release|Any CPU.Build.0 = Release|Any CPU
		{55E36D16-69DB-4452-8389-DC75ED0A4AF5}.Debug|Any CPU.ActiveCfg = Debug|Any CPU
		{55E36D16-69DB-4452-8389-DC75ED0A4AF5}.Debug|Any CPU.Build.0 = Debug|Any CPU
		{55E36D16-69DB-4452-8389-DC75ED0A4AF5}.Release|Any CPU.ActiveCfg = Release|Any CPU
		{55E36D16-69DB-4452-8389-DC75ED0A4AF5}.Release|Any CPU.Build.0 = Release|Any CPU
		{E93C1097-D1D3-4FAE-9304-7753D563E2B7}.Debug|Any CPU.ActiveCfg = Debug|Any CPU
		{E93C1097-D1D3-4FAE-9304-7753D563E2B7}.Debug|Any CPU.Build.0 = Debug|Any CPU
		{E93C1097-D1D3-4FAE-9304-7753D563E2B7}.Release|Any CPU.ActiveCfg = Release|Any CPU
		{E93C1097-D1D3-4FAE-9304-7753D563E2B7}.Release|Any CPU.Build.0 = Release|Any CPU
		{9B6CED82-3600-42AF-88AF-4D609638E5E1}.Debug|Any CPU.ActiveCfg = Debug|Any CPU
		{9B6CED82-3600-42AF-88AF-4D609638E5E1}.Debug|Any CPU.Build.0 = Debug|Any CPU
		{9B6CED82-3600-42AF-88AF-4D609638E5E1}.Release|Any CPU.ActiveCfg = Release|Any CPU
		{9B6CED82-3600-42AF-88AF-4D609638E5E1}.Release|Any CPU.Build.0 = Release|Any CPU
		{682CFD85-A9B7-4FEF-B40A-959A137CDE3D}.Debug|Any CPU.ActiveCfg = Debug|Any CPU
		{682CFD85-A9B7-4FEF-B40A-959A137CDE3D}.Debug|Any CPU.Build.0 = Debug|Any CPU
		{682CFD85-A9B7-4FEF-B40A-959A137CDE3D}.Release|Any CPU.ActiveCfg = Release|Any CPU
		{682CFD85-A9B7-4FEF-B40A-959A137CDE3D}.Release|Any CPU.Build.0 = Release|Any CPU
		{92B436DD-1F0B-4260-B0B5-7A2815C9E4D8}.Debug|Any CPU.ActiveCfg = Debug|Any CPU
		{92B436DD-1F0B-4260-B0B5-7A2815C9E4D8}.Debug|Any CPU.Build.0 = Debug|Any CPU
		{92B436DD-1F0B-4260-B0B5-7A2815C9E4D8}.Release|Any CPU.ActiveCfg = Release|Any CPU
		{92B436DD-1F0B-4260-B0B5-7A2815C9E4D8}.Release|Any CPU.Build.0 = Release|Any CPU
	EndGlobalSection
	GlobalSection(SolutionProperties) = preSolution
		HideSolutionNode = FALSE
	EndGlobalSection
	GlobalSection(NestedProjects) = preSolution
		{D1049878-73E4-4484-9648-7932F1F7E14B} = {B5990E8F-A8D3-481A-B057-356D9888A91A}
		{9523DD7A-9D76-4418-BDB1-BCA8C3F70E0A} = {D1049878-73E4-4484-9648-7932F1F7E14B}
		{5EF79CB8-27EA-4E34-9242-745A82B661A0} = {B5990E8F-A8D3-481A-B057-356D9888A91A}
		{25C0DAEA-6A09-4221-8B8D-B67FAC37AD58} = {5EF79CB8-27EA-4E34-9242-745A82B661A0}
		{10A0188D-1CA7-4668-B9A6-14690477D7EE} = {B5990E8F-A8D3-481A-B057-356D9888A91A}
		{528B957C-E256-4748-B6F7-E9B0953560A3} = {10A0188D-1CA7-4668-B9A6-14690477D7EE}
		{DF258DDB-F9DF-4678-8827-465166084949} = {10A0188D-1CA7-4668-B9A6-14690477D7EE}
		{AFB5D906-3225-4C8F-967C-F526943F94BD} = {B5990E8F-A8D3-481A-B057-356D9888A91A}
		{E5B1532C-F7B6-40FB-87BB-A32B89CFCB6C} = {AFB5D906-3225-4C8F-967C-F526943F94BD}
		{7ED0A61C-AC5C-4B97-92C3-A48FEDE7BBAC} = {AFB5D906-3225-4C8F-967C-F526943F94BD}
		{55E36D16-69DB-4452-8389-DC75ED0A4AF5} = {AFB5D906-3225-4C8F-967C-F526943F94BD}
		{E93C1097-D1D3-4FAE-9304-7753D563E2B7} = {AFB5D906-3225-4C8F-967C-F526943F94BD}
		{9B6CED82-3600-42AF-88AF-4D609638E5E1} = {B524CB2E-ECDE-452B-AC40-3A1052DF7A84}
		{682CFD85-A9B7-4FEF-B40A-959A137CDE3D} = {EA2DA501-0258-40E0-ACBC-24BCE7580568}
		{92B436DD-1F0B-4260-B0B5-7A2815C9E4D8} = {EA2DA501-0258-40E0-ACBC-24BCE7580568}
	EndGlobalSection
	GlobalSection(ExtensibilityGlobals) = postSolution
		SolutionGuid = {65A2C6C5-747A-4FB3-9979-E661B2889426}
	EndGlobalSection
EndGlobal
